
Microsoft Visual Studio Solution File, Format Version 12.00
Project("{FAE04EC0-301F-11D3-BF4B-00C04F79EFBC}") = "Russkyc.AttachedUtilities.FileStreamExtensions", "Russkyc.AttachedUtilities.FileStreamExtensions\Russkyc.AttachedUtilities.FileStreamExtensions.csproj", "{5B175CF0-5E54-459A-B385-57160F841647}"
EndProject
Project("{FAE04EC0-301F-11D3-BF4B-00C04F79EFBC}") = "Russkyc.AttachedUtilities.FilestreamExtensions.Tests", "Russkyc.AttachedUtilities.FilestreamExtensions.Tests\Russkyc.AttachedUtilities.FilestreamExtensions.Tests.csproj", "{D77AF24A-1D47-41FC-AE53-E8166EDF9716}"
EndProject
Global
	GlobalSection(SolutionConfigurationPlatforms) = preSolution
		Debug|Any CPU = Debug|Any CPU
		Release|Any CPU = Release|Any CPU
	EndGlobalSection
	GlobalSection(NestedProjects) = preSolution
	EndGlobalSection
	GlobalSection(ProjectConfigurationPlatforms) = postSolution
		{5B175CF0-5E54-459A-B385-57160F841647}.Debug|Any CPU.ActiveCfg = Debug|Any CPU
		{5B175CF0-5E54-459A-B385-57160F841647}.Debug|Any CPU.Build.0 = Debug|Any CPU
		{5B175CF0-5E54-459A-B385-57160F841647}.Release|Any CPU.ActiveCfg = Release|Any CPU
		{5B175CF0-5E54-459A-B385-57160F841647}.Release|Any CPU.Build.0 = Release|Any CPU
		{D77AF24A-1D47-41FC-AE53-E8166EDF9716}.Debug|Any CPU.ActiveCfg = Debug|Any CPU
		{D77AF24A-1D47-41FC-AE53-E8166EDF9716}.Debug|Any CPU.Build.0 = Debug|Any CPU
		{D77AF24A-1D47-41FC-AE53-E8166EDF9716}.Release|Any CPU.ActiveCfg = Release|Any CPU
		{D77AF24A-1D47-41FC-AE53-E8166EDF9716}.Release|Any CPU.Build.0 = Release|Any CPU
	EndGlobalSection
EndGlobal
